// !$*UTF8*$!
{
	archiveVersion = 1;
	classes = {
	};
	objectVersion = 46;
	objects = {

/* Begin PBXBuildFile section */
		F737F90717D97BD70073D7C8 /* taj1.jpg in Resources */ = {isa = PBXBuildFile; fileRef = F737F8F917D97BD70073D7C8 /* taj1.jpg */; };
		F737F90817D97BD70073D7C8 /* taj1_thumb.jpg in Resources */ = {isa = PBXBuildFile; fileRef = F737F8FA17D97BD70073D7C8 /* taj1_thumb.jpg */; };
		F737F90917D97BD70073D7C8 /* taj2.jpg in Resources */ = {isa = PBXBuildFile; fileRef = F737F8FB17D97BD70073D7C8 /* taj2.jpg */; };
		F737F90A17D97BD70073D7C8 /* taj2_thumb.jpg in Resources */ = {isa = PBXBuildFile; fileRef = F737F8FC17D97BD70073D7C8 /* taj2_thumb.jpg */; };
		F737F90B17D97BD70073D7C8 /* taj3.jpg in Resources */ = {isa = PBXBuildFile; fileRef = F737F8FD17D97BD70073D7C8 /* taj3.jpg */; };
		F737F90C17D97BD70073D7C8 /* taj3_thumb.jpg in Resources */ = {isa = PBXBuildFile; fileRef = F737F8FE17D97BD70073D7C8 /* taj3_thumb.jpg */; };
		F737F90D17D97BD70073D7C8 /* taj4.jpg in Resources */ = {isa = PBXBuildFile; fileRef = F737F8FF17D97BD70073D7C8 /* taj4.jpg */; };
		F737F90E17D97BD70073D7C8 /* taj4_thumb.jpg in Resources */ = {isa = PBXBuildFile; fileRef = F737F90017D97BD70073D7C8 /* taj4_thumb.jpg */; };
		F737F90F17D97BD70073D7C8 /* taj5.jpg in Resources */ = {isa = PBXBuildFile; fileRef = F737F90117D97BD70073D7C8 /* taj5.jpg */; };
		F737F91017D97BD70073D7C8 /* taj5_thumb.jpg in Resources */ = {isa = PBXBuildFile; fileRef = F737F90217D97BD70073D7C8 /* taj5_thumb.jpg */; };
		F737F91117D97BD70073D7C8 /* taj6.jpg in Resources */ = {isa = PBXBuildFile; fileRef = F737F90317D97BD70073D7C8 /* taj6.jpg */; };
		F737F91217D97BD70073D7C8 /* taj6_thumb.jpg in Resources */ = {isa = PBXBuildFile; fileRef = F737F90417D97BD70073D7C8 /* taj6_thumb.jpg */; };
		F737F91317D97BD70073D7C8 /* taj7.jpg in Resources */ = {isa = PBXBuildFile; fileRef = F737F90517D97BD70073D7C8 /* taj7.jpg */; };
		F737F91417D97BD70073D7C8 /* taj7_thumb.jpg in Resources */ = {isa = PBXBuildFile; fileRef = F737F90617D97BD70073D7C8 /* taj7_thumb.jpg */; };
		F737F92417D97D460073D7C8 /* eiffel1.jpg in Resources */ = {isa = PBXBuildFile; fileRef = F737F91617D97D460073D7C8 /* eiffel1.jpg */; };
		F737F92517D97D460073D7C8 /* eiffel1_thumb.jpg in Resources */ = {isa = PBXBuildFile; fileRef = F737F91717D97D460073D7C8 /* eiffel1_thumb.jpg */; };
		F737F92617D97D460073D7C8 /* eiffel2.jpg in Resources */ = {isa = PBXBuildFile; fileRef = F737F91817D97D460073D7C8 /* eiffel2.jpg */; };
		F737F92717D97D460073D7C8 /* eiffel2_thumb.jpg in Resources */ = {isa = PBXBuildFile; fileRef = F737F91917D97D460073D7C8 /* eiffel2_thumb.jpg */; };
		F737F92817D97D460073D7C8 /* eiffel3.jpg in Resources */ = {isa = PBXBuildFile; fileRef = F737F91A17D97D460073D7C8 /* eiffel3.jpg */; };
		F737F92917D97D460073D7C8 /* eiffel3_thumb.jpg in Resources */ = {isa = PBXBuildFile; fileRef = F737F91B17D97D460073D7C8 /* eiffel3_thumb.jpg */; };
		F737F92A17D97D460073D7C8 /* eiffel4.jpg in Resources */ = {isa = PBXBuildFile; fileRef = F737F91C17D97D460073D7C8 /* eiffel4.jpg */; };
		F737F92B17D97D460073D7C8 /* eiffel4_thumb.jpg in Resources */ = {isa = PBXBuildFile; fileRef = F737F91D17D97D460073D7C8 /* eiffel4_thumb.jpg */; };
		F737F92C17D97D460073D7C8 /* eiffel5.jpg in Resources */ = {isa = PBXBuildFile; fileRef = F737F91E17D97D460073D7C8 /* eiffel5.jpg */; };
		F737F92D17D97D460073D7C8 /* eiffel5_thumb.jpg in Resources */ = {isa = PBXBuildFile; fileRef = F737F91F17D97D460073D7C8 /* eiffel5_thumb.jpg */; };
		F737F92E17D97D460073D7C8 /* eiffel6.jpg in Resources */ = {isa = PBXBuildFile; fileRef = F737F92017D97D460073D7C8 /* eiffel6.jpg */; };
		F737F92F17D97D460073D7C8 /* eiffel6_thumb.jpg in Resources */ = {isa = PBXBuildFile; fileRef = F737F92117D97D460073D7C8 /* eiffel6_thumb.jpg */; };
		F737F93017D97D460073D7C8 /* eiffel7.jpg in Resources */ = {isa = PBXBuildFile; fileRef = F737F92217D97D460073D7C8 /* eiffel7.jpg */; };
		F737F93117D97D460073D7C8 /* eiffel7_thumb.jpg in Resources */ = {isa = PBXBuildFile; fileRef = F737F92317D97D460073D7C8 /* eiffel7_thumb.jpg */; };
		F7649BA917B490FB00782431 /* UIKit.framework in Frameworks */ = {isa = PBXBuildFile; fileRef = F7649BA817B490FB00782431 /* UIKit.framework */; };
		F7649BAB17B490FB00782431 /* Foundation.framework in Frameworks */ = {isa = PBXBuildFile; fileRef = F7649BAA17B490FB00782431 /* Foundation.framework */; };
		F7649BAD17B490FB00782431 /* CoreGraphics.framework in Frameworks */ = {isa = PBXBuildFile; fileRef = F7649BAC17B490FB00782431 /* CoreGraphics.framework */; };
		F7649BB317B490FC00782431 /* InfoPlist.strings in Resources */ = {isa = PBXBuildFile; fileRef = F7649BB117B490FC00782431 /* InfoPlist.strings */; };
		F7649BB517B490FC00782431 /* main.m in Sources */ = {isa = PBXBuildFile; fileRef = F7649BB417B490FC00782431 /* main.m */; };
		F7649BB917B490FC00782431 /* ProofAppDelegate.m in Sources */ = {isa = PBXBuildFile; fileRef = F7649BB817B490FC00782431 /* ProofAppDelegate.m */; };
		F7649BBB17B490FC00782431 /* Default.png in Resources */ = {isa = PBXBuildFile; fileRef = F7649BBA17B490FC00782431 /* Default.png */; };
		F7649BBD17B490FC00782431 /* Default@2x.png in Resources */ = {isa = PBXBuildFile; fileRef = F7649BBC17B490FC00782431 /* Default@2x.png */; };
		F7649BBF17B490FC00782431 /* Default-568h@2x.png in Resources */ = {isa = PBXBuildFile; fileRef = F7649BBE17B490FC00782431 /* Default-568h@2x.png */; };
		F7649BC217B490FD00782431 /* MainStoryboard.storyboard in Resources */ = {isa = PBXBuildFile; fileRef = F7649BC017B490FD00782431 /* MainStoryboard.storyboard */; };
		F7649BC517B490FD00782431 /* ProofMasterViewController.m in Sources */ = {isa = PBXBuildFile; fileRef = F7649BC417B490FD00782431 /* ProofMasterViewController.m */; };
		F7649BC817B490FD00782431 /* ProofDetailViewController.m in Sources */ = {isa = PBXBuildFile; fileRef = F7649BC717B490FD00782431 /* ProofDetailViewController.m */; };
		F7649BD217B493B600782431 /* ProofData.m in Sources */ = {isa = PBXBuildFile; fileRef = F7649BD117B493B600782431 /* ProofData.m */; };
		F7649BD517B497A000782431 /* ProofDoc.m in Sources */ = {isa = PBXBuildFile; fileRef = F7649BD417B497A000782431 /* ProofDoc.m */; };
/* End PBXBuildFile section */

/* Begin PBXFileReference section */
		F737F8F917D97BD70073D7C8 /* taj1.jpg */ = {isa = PBXFileReference; lastKnownFileType = image.jpeg; path = taj1.jpg; sourceTree = "<group>"; };
		F737F8FA17D97BD70073D7C8 /* taj1_thumb.jpg */ = {isa = PBXFileReference; lastKnownFileType = image.jpeg; path = taj1_thumb.jpg; sourceTree = "<group>"; };
		F737F8FB17D97BD70073D7C8 /* taj2.jpg */ = {isa = PBXFileReference; lastKnownFileType = image.jpeg; path = taj2.jpg; sourceTree = "<group>"; };
		F737F8FC17D97BD70073D7C8 /* taj2_thumb.jpg */ = {isa = PBXFileReference; lastKnownFileType = image.jpeg; path = taj2_thumb.jpg; sourceTree = "<group>"; };
		F737F8FD17D97BD70073D7C8 /* taj3.jpg */ = {isa = PBXFileReference; lastKnownFileType = image.jpeg; path = taj3.jpg; sourceTree = "<group>"; };
		F737F8FE17D97BD70073D7C8 /* taj3_thumb.jpg */ = {isa = PBXFileReference; lastKnownFileType = image.jpeg; path = taj3_thumb.jpg; sourceTree = "<group>"; };
		F737F8FF17D97BD70073D7C8 /* taj4.jpg */ = {isa = PBXFileReference; lastKnownFileType = image.jpeg; path = taj4.jpg; sourceTree = "<group>"; };
		F737F90017D97BD70073D7C8 /* taj4_thumb.jpg */ = {isa = PBXFileReference; lastKnownFileType = image.jpeg; path = taj4_thumb.jpg; sourceTree = "<group>"; };
		F737F90117D97BD70073D7C8 /* taj5.jpg */ = {isa = PBXFileReference; lastKnownFileType = image.jpeg; path = taj5.jpg; sourceTree = "<group>"; };
		F737F90217D97BD70073D7C8 /* taj5_thumb.jpg */ = {isa = PBXFileReference; lastKnownFileType = image.jpeg; path = taj5_thumb.jpg; sourceTree = "<group>"; };
		F737F90317D97BD70073D7C8 /* taj6.jpg */ = {isa = PBXFileReference; lastKnownFileType = image.jpeg; path = taj6.jpg; sourceTree = "<group>"; };
		F737F90417D97BD70073D7C8 /* taj6_thumb.jpg */ = {isa = PBXFileReference; lastKnownFileType = image.jpeg; path = taj6_thumb.jpg; sourceTree = "<group>"; };
		F737F90517D97BD70073D7C8 /* taj7.jpg */ = {isa = PBXFileReference; lastKnownFileType = image.jpeg; path = taj7.jpg; sourceTree = "<group>"; };
		F737F90617D97BD70073D7C8 /* taj7_thumb.jpg */ = {isa = PBXFileReference; lastKnownFileType = image.jpeg; path = taj7_thumb.jpg; sourceTree = "<group>"; };
		F737F91617D97D460073D7C8 /* eiffel1.jpg */ = {isa = PBXFileReference; lastKnownFileType = image.jpeg; path = eiffel1.jpg; sourceTree = "<group>"; };
		F737F91717D97D460073D7C8 /* eiffel1_thumb.jpg */ = {isa = PBXFileReference; lastKnownFileType = image.jpeg; path = eiffel1_thumb.jpg; sourceTree = "<group>"; };
		F737F91817D97D460073D7C8 /* eiffel2.jpg */ = {isa = PBXFileReference; lastKnownFileType = image.jpeg; path = eiffel2.jpg; sourceTree = "<group>"; };
		F737F91917D97D460073D7C8 /* eiffel2_thumb.jpg */ = {isa = PBXFileReference; lastKnownFileType = image.jpeg; path = eiffel2_thumb.jpg; sourceTree = "<group>"; };
		F737F91A17D97D460073D7C8 /* eiffel3.jpg */ = {isa = PBXFileReference; lastKnownFileType = image.jpeg; path = eiffel3.jpg; sourceTree = "<group>"; };
		F737F91B17D97D460073D7C8 /* eiffel3_thumb.jpg */ = {isa = PBXFileReference; lastKnownFileType = image.jpeg; path = eiffel3_thumb.jpg; sourceTree = "<group>"; };
		F737F91C17D97D460073D7C8 /* eiffel4.jpg */ = {isa = PBXFileReference; lastKnownFileType = image.jpeg; path = eiffel4.jpg; sourceTree = "<group>"; };
		F737F91D17D97D460073D7C8 /* eiffel4_thumb.jpg */ = {isa = PBXFileReference; lastKnownFileType = image.jpeg; path = eiffel4_thumb.jpg; sourceTree = "<group>"; };
		F737F91E17D97D460073D7C8 /* eiffel5.jpg */ = {isa = PBXFileReference; lastKnownFileType = image.jpeg; path = eiffel5.jpg; sourceTree = "<group>"; };
		F737F91F17D97D460073D7C8 /* eiffel5_thumb.jpg */ = {isa = PBXFileReference; lastKnownFileType = image.jpeg; path = eiffel5_thumb.jpg; sourceTree = "<group>"; };
		F737F92017D97D460073D7C8 /* eiffel6.jpg */ = {isa = PBXFileReference; lastKnownFileType = image.jpeg; path = eiffel6.jpg; sourceTree = "<group>"; };
		F737F92117D97D460073D7C8 /* eiffel6_thumb.jpg */ = {isa = PBXFileReference; lastKnownFileType = image.jpeg; path = eiffel6_thumb.jpg; sourceTree = "<group>"; };
		F737F92217D97D460073D7C8 /* eiffel7.jpg */ = {isa = PBXFileReference; lastKnownFileType = image.jpeg; path = eiffel7.jpg; sourceTree = "<group>"; };
		F737F92317D97D460073D7C8 /* eiffel7_thumb.jpg */ = {isa = PBXFileReference; lastKnownFileType = image.jpeg; path = eiffel7_thumb.jpg; sourceTree = "<group>"; };
		F7649BA517B490FB00782431 /* proof.app */ = {isa = PBXFileReference; explicitFileType = wrapper.application; includeInIndex = 0; path = proof.app; sourceTree = BUILT_PRODUCTS_DIR; };
		F7649BA817B490FB00782431 /* UIKit.framework */ = {isa = PBXFileReference; lastKnownFileType = wrapper.framework; name = UIKit.framework; path = System/Library/Frameworks/UIKit.framework; sourceTree = SDKROOT; };
		F7649BAA17B490FB00782431 /* Foundation.framework */ = {isa = PBXFileReference; lastKnownFileType = wrapper.framework; name = Foundation.framework; path = System/Library/Frameworks/Foundation.framework; sourceTree = SDKROOT; };
		F7649BAC17B490FB00782431 /* CoreGraphics.framework */ = {isa = PBXFileReference; lastKnownFileType = wrapper.framework; name = CoreGraphics.framework; path = System/Library/Frameworks/CoreGraphics.framework; sourceTree = SDKROOT; };
		F7649BB017B490FC00782431 /* proof-Info.plist */ = {isa = PBXFileReference; lastKnownFileType = text.plist.xml; path = "proof-Info.plist"; sourceTree = "<group>"; };
		F7649BB217B490FC00782431 /* en */ = {isa = PBXFileReference; lastKnownFileType = text.plist.strings; name = en; path = en.lproj/InfoPlist.strings; sourceTree = "<group>"; };
		F7649BB417B490FC00782431 /* main.m */ = {isa = PBXFileReference; lastKnownFileType = sourcecode.c.objc; path = main.m; sourceTree = "<group>"; };
		F7649BB617B490FC00782431 /* proof-Prefix.pch */ = {isa = PBXFileReference; lastKnownFileType = sourcecode.c.h; path = "proof-Prefix.pch"; sourceTree = "<group>"; };
		F7649BB717B490FC00782431 /* ProofAppDelegate.h */ = {isa = PBXFileReference; lastKnownFileType = sourcecode.c.h; name = ProofAppDelegate.h; path = proof/ProofAppDelegate.h; sourceTree = "<group>"; };
		F7649BB817B490FC00782431 /* ProofAppDelegate.m */ = {isa = PBXFileReference; lastKnownFileType = sourcecode.c.objc; name = ProofAppDelegate.m; path = proof/ProofAppDelegate.m; sourceTree = "<group>"; };
		F7649BBA17B490FC00782431 /* Default.png */ = {isa = PBXFileReference; lastKnownFileType = image.png; path = Default.png; sourceTree = "<group>"; };
		F7649BBC17B490FC00782431 /* Default@2x.png */ = {isa = PBXFileReference; lastKnownFileType = image.png; path = "Default@2x.png"; sourceTree = "<group>"; };
		F7649BBE17B490FC00782431 /* Default-568h@2x.png */ = {isa = PBXFileReference; lastKnownFileType = image.png; path = "Default-568h@2x.png"; sourceTree = "<group>"; };
		F7649BC117B490FD00782431 /* en */ = {isa = PBXFileReference; lastKnownFileType = file.storyboard; name = en; path = en.lproj/MainStoryboard.storyboard; sourceTree = "<group>"; };
		F7649BC317B490FD00782431 /* ProofMasterViewController.h */ = {isa = PBXFileReference; lastKnownFileType = sourcecode.c.h; name = ProofMasterViewController.h; path = proof/ProofMasterViewController.h; sourceTree = "<group>"; };
		F7649BC417B490FD00782431 /* ProofMasterViewController.m */ = {isa = PBXFileReference; lastKnownFileType = sourcecode.c.objc; name = ProofMasterViewController.m; path = proof/ProofMasterViewController.m; sourceTree = "<group>"; };
		F7649BC617B490FD00782431 /* ProofDetailViewController.h */ = {isa = PBXFileReference; lastKnownFileType = sourcecode.c.h; name = ProofDetailViewController.h; path = proof/ProofDetailViewController.h; sourceTree = "<group>"; };
		F7649BC717B490FD00782431 /* ProofDetailViewController.m */ = {isa = PBXFileReference; lastKnownFileType = sourcecode.c.objc; name = ProofDetailViewController.m; path = proof/ProofDetailViewController.m; sourceTree = "<group>"; };
		F7649BD017B493B600782431 /* ProofData.h */ = {isa = PBXFileReference; fileEncoding = 4; lastKnownFileType = sourcecode.c.h; path = ProofData.h; sourceTree = "<group>"; };
		F7649BD117B493B600782431 /* ProofData.m */ = {isa = PBXFileReference; fileEncoding = 4; lastKnownFileType = sourcecode.c.objc; path = ProofData.m; sourceTree = "<group>"; };
		F7649BD317B4969500782431 /* ProofDoc.h */ = {isa = PBXFileReference; fileEncoding = 4; lastKnownFileType = sourcecode.c.h; path = ProofDoc.h; sourceTree = "<group>"; };
		F7649BD417B497A000782431 /* ProofDoc.m */ = {isa = PBXFileReference; fileEncoding = 4; lastKnownFileType = sourcecode.c.objc; path = ProofDoc.m; sourceTree = "<group>"; };
/* End PBXFileReference section */

/* Begin PBXFrameworksBuildPhase section */
		F7649BA217B490FB00782431 /* Frameworks */ = {
			isa = PBXFrameworksBuildPhase;
			buildActionMask = 2147483647;
			files = (
				F7649BA917B490FB00782431 /* UIKit.framework in Frameworks */,
				F7649BAB17B490FB00782431 /* Foundation.framework in Frameworks */,
				F7649BAD17B490FB00782431 /* CoreGraphics.framework in Frameworks */,
			);
			runOnlyForDeploymentPostprocessing = 0;
		};
/* End PBXFrameworksBuildPhase section */

/* Begin PBXGroup section */
		F737F8F817D97BD70073D7C8 /* taj_mahal */ = {
			isa = PBXGroup;
			children = (
				F737F8F917D97BD70073D7C8 /* taj1.jpg */,
				F737F8FA17D97BD70073D7C8 /* taj1_thumb.jpg */,
				F737F8FB17D97BD70073D7C8 /* taj2.jpg */,
				F737F8FC17D97BD70073D7C8 /* taj2_thumb.jpg */,
				F737F8FD17D97BD70073D7C8 /* taj3.jpg */,
				F737F8FE17D97BD70073D7C8 /* taj3_thumb.jpg */,
				F737F8FF17D97BD70073D7C8 /* taj4.jpg */,
				F737F90017D97BD70073D7C8 /* taj4_thumb.jpg */,
				F737F90117D97BD70073D7C8 /* taj5.jpg */,
				F737F90217D97BD70073D7C8 /* taj5_thumb.jpg */,
				F737F90317D97BD70073D7C8 /* taj6.jpg */,
				F737F90417D97BD70073D7C8 /* taj6_thumb.jpg */,
				F737F90517D97BD70073D7C8 /* taj7.jpg */,
				F737F90617D97BD70073D7C8 /* taj7_thumb.jpg */,
			);
			path = taj_mahal;
			sourceTree = "<group>";
		};
		F737F91517D97D460073D7C8 /* eiffel */ = {
			isa = PBXGroup;
			children = (
				F737F91617D97D460073D7C8 /* eiffel1.jpg */,
				F737F91717D97D460073D7C8 /* eiffel1_thumb.jpg */,
				F737F91817D97D460073D7C8 /* eiffel2.jpg */,
				F737F91917D97D460073D7C8 /* eiffel2_thumb.jpg */,
				F737F91A17D97D460073D7C8 /* eiffel3.jpg */,
				F737F91B17D97D460073D7C8 /* eiffel3_thumb.jpg */,
				F737F91C17D97D460073D7C8 /* eiffel4.jpg */,
				F737F91D17D97D460073D7C8 /* eiffel4_thumb.jpg */,
				F737F91E17D97D460073D7C8 /* eiffel5.jpg */,
				F737F91F17D97D460073D7C8 /* eiffel5_thumb.jpg */,
				F737F92017D97D460073D7C8 /* eiffel6.jpg */,
				F737F92117D97D460073D7C8 /* eiffel6_thumb.jpg */,
				F737F92217D97D460073D7C8 /* eiffel7.jpg */,
				F737F92317D97D460073D7C8 /* eiffel7_thumb.jpg */,
			);
			path = eiffel;
			sourceTree = "<group>";
		};
		F7649B9C17B490FA00782431 = {
			isa = PBXGroup;
			children = (
				F7649BAE17B490FB00782431 /* proof */,
				F7649BA717B490FB00782431 /* Frameworks */,
				F7649BA617B490FB00782431 /* Products */,
			);
			sourceTree = "<group>";
		};
		F7649BA617B490FB00782431 /* Products */ = {
			isa = PBXGroup;
			children = (
				F7649BA517B490FB00782431 /* proof.app */,
			);
			name = Products;
			sourceTree = "<group>";
		};
		F7649BA717B490FB00782431 /* Frameworks */ = {
			isa = PBXGroup;
			children = (
				F7649BA817B490FB00782431 /* UIKit.framework */,
				F7649BAA17B490FB00782431 /* Foundation.framework */,
				F7649BAC17B490FB00782431 /* CoreGraphics.framework */,
			);
			name = Frameworks;
			sourceTree = "<group>";
		};
		F7649BAE17B490FB00782431 /* proof */ = {
			isa = PBXGroup;
			children = (
				F737F91517D97D460073D7C8 /* eiffel */,
				F737F8F817D97BD70073D7C8 /* taj_mahal */,
				F7649BCF17B4930A00782431 /* Model */,
				F7649BCE17B4926900782431 /* GUI */,
				F7649BAF17B490FB00782431 /* Supporting Files */,
			);
			path = proof;
			sourceTree = "<group>";
		};
		F7649BAF17B490FB00782431 /* Supporting Files */ = {
			isa = PBXGroup;
			children = (
				F7649BB017B490FC00782431 /* proof-Info.plist */,
				F7649BB117B490FC00782431 /* InfoPlist.strings */,
				F7649BB417B490FC00782431 /* main.m */,
				F7649BB617B490FC00782431 /* proof-Prefix.pch */,
				F7649BBA17B490FC00782431 /* Default.png */,
				F7649BBC17B490FC00782431 /* Default@2x.png */,
				F7649BBE17B490FC00782431 /* Default-568h@2x.png */,
			);
			name = "Supporting Files";
			sourceTree = "<group>";
		};
		F7649BCE17B4926900782431 /* GUI */ = {
			isa = PBXGroup;
			children = (
				F7649BB717B490FC00782431 /* ProofAppDelegate.h */,
				F7649BB817B490FC00782431 /* ProofAppDelegate.m */,
				F7649BC017B490FD00782431 /* MainStoryboard.storyboard */,
				F7649BC317B490FD00782431 /* ProofMasterViewController.h */,
				F7649BC417B490FD00782431 /* ProofMasterViewController.m */,
				F7649BC617B490FD00782431 /* ProofDetailViewController.h */,
				F7649BC717B490FD00782431 /* ProofDetailViewController.m */,
			);
			name = GUI;
			path = ..;
			sourceTree = "<group>";
		};
		F7649BCF17B4930A00782431 /* Model */ = {
			isa = PBXGroup;
			children = (
				F7649BD017B493B600782431 /* ProofData.h */,
				F7649BD117B493B600782431 /* ProofData.m */,
				F7649BD317B4969500782431 /* ProofDoc.h */,
				F7649BD417B497A000782431 /* ProofDoc.m */,
			);
			name = Model;
			sourceTree = "<group>";
		};
/* End PBXGroup section */

/* Begin PBXNativeTarget section */
		F7649BA417B490FB00782431 /* proof */ = {
			isa = PBXNativeTarget;
			buildConfigurationList = F7649BCB17B490FD00782431 /* Build configuration list for PBXNativeTarget "proof" */;
			buildPhases = (
				F7649BA117B490FB00782431 /* Sources */,
				F7649BA217B490FB00782431 /* Frameworks */,
				F7649BA317B490FB00782431 /* Resources */,
			);
			buildRules = (
			);
			dependencies = (
			);
			name = proof;
			productName = proof;
			productReference = F7649BA517B490FB00782431 /* proof.app */;
			productType = "com.apple.product-type.application";
		};
/* End PBXNativeTarget section */

/* Begin PBXProject section */
		F7649B9D17B490FA00782431 /* Project object */ = {
			isa = PBXProject;
			attributes = {
				CLASSPREFIX = Proof;
				LastUpgradeCheck = 0460;
				ORGANIZATIONNAME = catternaut;
			};
			buildConfigurationList = F7649BA017B490FA00782431 /* Build configuration list for PBXProject "proof" */;
			compatibilityVersion = "Xcode 3.2";
			developmentRegion = English;
			hasScannedForEncodings = 0;
			knownRegions = (
				en,
			);
			mainGroup = F7649B9C17B490FA00782431;
			productRefGroup = F7649BA617B490FB00782431 /* Products */;
			projectDirPath = "";
			projectRoot = "";
			targets = (
				F7649BA417B490FB00782431 /* proof */,
			);
		};
/* End PBXProject section */

/* Begin PBXResourcesBuildPhase section */
		F7649BA317B490FB00782431 /* Resources */ = {
			isa = PBXResourcesBuildPhase;
			buildActionMask = 2147483647;
			files = (
				F7649BB317B490FC00782431 /* InfoPlist.strings in Resources */,
				F7649BBB17B490FC00782431 /* Default.png in Resources */,
				F7649BBD17B490FC00782431 /* Default@2x.png in Resources */,
				F7649BBF17B490FC00782431 /* Default-568h@2x.png in Resources */,
				F7649BC217B490FD00782431 /* MainStoryboard.storyboard in Resources */,
				F737F90717D97BD70073D7C8 /* taj1.jpg in Resources */,
				F737F90817D97BD70073D7C8 /* taj1_thumb.jpg in Resources */,
				F737F90917D97BD70073D7C8 /* taj2.jpg in Resources */,
				F737F90A17D97BD70073D7C8 /* taj2_thumb.jpg in Resources */,
				F737F90B17D97BD70073D7C8 /* taj3.jpg in Resources */,
				F737F90C17D97BD70073D7C8 /* taj3_thumb.jpg in Resources */,
				F737F90D17D97BD70073D7C8 /* taj4.jpg in Resources */,
				F737F90E17D97BD70073D7C8 /* taj4_thumb.jpg in Resources */,
				F737F90F17D97BD70073D7C8 /* taj5.jpg in Resources */,
				F737F91017D97BD70073D7C8 /* taj5_thumb.jpg in Resources */,
				F737F91117D97BD70073D7C8 /* taj6.jpg in Resources */,
				F737F91217D97BD70073D7C8 /* taj6_thumb.jpg in Resources */,
				F737F91317D97BD70073D7C8 /* taj7.jpg in Resources */,
				F737F91417D97BD70073D7C8 /* taj7_thumb.jpg in Resources */,
				F737F92417D97D460073D7C8 /* eiffel1.jpg in Resources */,
				F737F92517D97D460073D7C8 /* eiffel1_thumb.jpg in Resources */,
				F737F92617D97D460073D7C8 /* eiffel2.jpg in Resources */,
				F737F92717D97D460073D7C8 /* eiffel2_thumb.jpg in Resources */,
				F737F92817D97D460073D7C8 /* eiffel3.jpg in Resources */,
				F737F92917D97D460073D7C8 /* eiffel3_thumb.jpg in Resources */,
				F737F92A17D97D460073D7C8 /* eiffel4.jpg in Resources */,
				F737F92B17D97D460073D7C8 /* eiffel4_thumb.jpg in Resources */,
				F737F92C17D97D460073D7C8 /* eiffel5.jpg in Resources */,
				F737F92D17D97D460073D7C8 /* eiffel5_thumb.jpg in Resources */,
				F737F92E17D97D460073D7C8 /* eiffel6.jpg in Resources */,
				F737F92F17D97D460073D7C8 /* eiffel6_thumb.jpg in Resources */,
				F737F93017D97D460073D7C8 /* eiffel7.jpg in Resources */,
				F737F93117D97D460073D7C8 /* eiffel7_thumb.jpg in Resources */,
			);
			runOnlyForDeploymentPostprocessing = 0;
		};
/* End PBXResourcesBuildPhase section */

/* Begin PBXSourcesBuildPhase section */
		F7649BA117B490FB00782431 /* Sources */ = {
			isa = PBXSourcesBuildPhase;
			buildActionMask = 2147483647;
			files = (
				F7649BB517B490FC00782431 /* main.m in Sources */,
				F7649BB917B490FC00782431 /* ProofAppDelegate.m in Sources */,
				F7649BC517B490FD00782431 /* ProofMasterViewController.m in Sources */,
				F7649BC817B490FD00782431 /* ProofDetailViewController.m in Sources */,
				F7649BD217B493B600782431 /* ProofData.m in Sources */,
				F7649BD517B497A000782431 /* ProofDoc.m in Sources */,
			);
			runOnlyForDeploymentPostprocessing = 0;
		};
/* End PBXSourcesBuildPhase section */

/* Begin PBXVariantGroup section */
		F7649BB117B490FC00782431 /* InfoPlist.strings */ = {
			isa = PBXVariantGroup;
			children = (
				F7649BB217B490FC00782431 /* en */,
			);
			name = InfoPlist.strings;
			sourceTree = "<group>";
		};
		F7649BC017B490FD00782431 /* MainStoryboard.storyboard */ = {
			isa = PBXVariantGroup;
			children = (
				F7649BC117B490FD00782431 /* en */,
			);
			name = MainStoryboard.storyboard;
			path = proof;
			sourceTree = "<group>";
		};
/* End PBXVariantGroup section */

/* Begin XCBuildConfiguration section */
		F7649BC917B490FD00782431 /* Debug */ = {
			isa = XCBuildConfiguration;
			buildSettings = {
				ALWAYS_SEARCH_USER_PATHS = NO;
				CLANG_CXX_LANGUAGE_STANDARD = "gnu++0x";
				CLANG_CXX_LIBRARY = "libc++";
				CLANG_ENABLE_OBJC_ARC = YES;
				CLANG_WARN_CONSTANT_CONVERSION = YES;
				CLANG_WARN_EMPTY_BODY = YES;
				CLANG_WARN_ENUM_CONVERSION = YES;
				CLANG_WARN_INT_CONVERSION = YES;
				CLANG_WARN__DUPLICATE_METHOD_MATCH = YES;
				"CODE_SIGN_IDENTITY[sdk=iphoneos*]" = "iPhone Developer";
				COPY_PHASE_STRIP = NO;
				GCC_C_LANGUAGE_STANDARD = gnu99;
				GCC_DYNAMIC_NO_PIC = NO;
				GCC_OPTIMIZATION_LEVEL = 0;
				GCC_PREPROCESSOR_DEFINITIONS = (
					"DEBUG=1",
					"$(inherited)",
				);
				GCC_SYMBOLS_PRIVATE_EXTERN = NO;
				GCC_WARN_ABOUT_RETURN_TYPE = YES;
				GCC_WARN_UNINITIALIZED_AUTOS = YES;
				GCC_WARN_UNUSED_VARIABLE = YES;
				IPHONEOS_DEPLOYMENT_TARGET = 6.1;
				ONLY_ACTIVE_ARCH = YES;
				SDKROOT = iphoneos;
			};
			name = Debug;
		};
		F7649BCA17B490FD00782431 /* Release */ = {
			isa = XCBuildConfiguration;
			buildSettings = {
				ALWAYS_SEARCH_USER_PATHS = NO;
				CLANG_CXX_LANGUAGE_STANDARD = "gnu++0x";
				CLANG_CXX_LIBRARY = "libc++";
				CLANG_ENABLE_OBJC_ARC = YES;
				CLANG_WARN_CONSTANT_CONVERSION = YES;
				CLANG_WARN_EMPTY_BODY = YES;
				CLANG_WARN_ENUM_CONVERSION = YES;
				CLANG_WARN_INT_CONVERSION = YES;
				CLANG_WARN__DUPLICATE_METHOD_MATCH = YES;
				"CODE_SIGN_IDENTITY[sdk=iphoneos*]" = "iPhone Developer";
				COPY_PHASE_STRIP = YES;
				GCC_C_LANGUAGE_STANDARD = gnu99;
				GCC_WARN_ABOUT_RETURN_TYPE = YES;
				GCC_WARN_UNINITIALIZED_AUTOS = YES;
				GCC_WARN_UNUSED_VARIABLE = YES;
				IPHONEOS_DEPLOYMENT_TARGET = 6.1;
				OTHER_CFLAGS = "-DNS_BLOCK_ASSERTIONS=1";
				SDKROOT = iphoneos;
				VALIDATE_PRODUCT = YES;
			};
			name = Release;
		};
		F7649BCC17B490FD00782431 /* Debug */ = {
			isa = XCBuildConfiguration;
			buildSettings = {
				GCC_PRECOMPILE_PREFIX_HEADER = YES;
				GCC_PREFIX_HEADER = "proof/proof-Prefix.pch";
				INFOPLIST_FILE = "proof/proof-Info.plist";
				PRODUCT_NAME = "$(TARGET_NAME)";
				WRAPPER_EXTENSION = app;
			};
			name = Debug;
		};
		F7649BCD17B490FD00782431 /* Release */ = {
			isa = XCBuildConfiguration;
			buildSettings = {
				GCC_PRECOMPILE_PREFIX_HEADER = YES;
				GCC_PREFIX_HEADER = "proof/proof-Prefix.pch";
				INFOPLIST_FILE = "proof/proof-Info.plist";
				PRODUCT_NAME = "$(TARGET_NAME)";
				WRAPPER_EXTENSION = app;
			};
			name = Release;
		};
/* End XCBuildConfiguration section */

/* Begin XCConfigurationList section */
		F7649BA017B490FA00782431 /* Build configuration list for PBXProject "proof" */ = {
			isa = XCConfigurationList;
			buildConfigurations = (
				F7649BC917B490FD00782431 /* Debug */,
				F7649BCA17B490FD00782431 /* Release */,
			);
			defaultConfigurationIsVisible = 0;
			defaultConfigurationName = Release;
		};
		F7649BCB17B490FD00782431 /* Build configuration list for PBXNativeTarget "proof" */ = {
			isa = XCConfigurationList;
			buildConfigurations = (
				F7649BCC17B490FD00782431 /* Debug */,
				F7649BCD17B490FD00782431 /* Release */,
			);
			defaultConfigurationIsVisible = 0;
			defaultConfigurationName = Release;
		};
/* End XCConfigurationList section */
	};
	rootObject = F7649B9D17B490FA00782431 /* Project object */;
}
